
Microsoft Visual Studio Solution File, Format Version 12.00
# Visual Studio 14
VisualStudioVersion = 14.0.25420.1
MinimumVisualStudioVersion = 10.0.40219.1
Project("{FAE04EC0-301F-11D3-BF4B-00C04F79EFBC}") = "comparison_front_creating_tool", "comparison_front_creating_tool\comparison_front_creating_tool.csproj", "{7C1612E1-93A0-4730-8848-C85CCE97EAC5}"
EndProject
Project("{FAE04EC0-301F-11D3-BF4B-00C04F79EFBC}") = "copy_and_authorization_tool", "copy_and_authorization_tool\copy_and_authorization_tool.csproj", "{B9858159-F767-48AA-AE8D-218A038C32C8}"
EndProject
Project("{D954291E-2A0B-460D-934E-DC6B0785DB48}") = "tool_commons", "tool_commons\tool_commons.shproj", "{879E9EA9-DEE8-47F9-A8B8-6BDE84052DC2}"
EndProject
Project("{FAE04EC0-301F-11D3-BF4B-00C04F79EFBC}") = "verification_tool", "verification_tool\verification_tool.csproj", "{0EDFC871-3F15-43B3-A2CF-AA66D4DCFB35}"
EndProject
Global
	GlobalSection(SharedMSBuildProjectFiles) = preSolution
		tool_commons\tool_commons.projitems*{0edfc871-3f15-43b3-a2cf-aa66d4dcfb35}*SharedItemsImports = 4
		tool_commons\tool_commons.projitems*{7c1612e1-93a0-4730-8848-c85cce97eac5}*SharedItemsImports = 4
		tool_commons\tool_commons.projitems*{879e9ea9-dee8-47f9-a8b8-6bde84052dc2}*SharedItemsImports = 13
		tool_commons\tool_commons.projitems*{b9858159-f767-48aa-ae8d-218a038c32c8}*SharedItemsImports = 4
	EndGlobalSection
	GlobalSection(SolutionConfigurationPlatforms) = preSolution
		Debug|Any CPU = Debug|Any CPU
		Release|Any CPU = Release|Any CPU
	EndGlobalSection
	GlobalSection(ProjectConfigurationPlatforms) = postSolution
		{7C1612E1-93A0-4730-8848-C85CCE97EAC5}.Debug|Any CPU.ActiveCfg = Debug|Any CPU
		{7C1612E1-93A0-4730-8848-C85CCE97EAC5}.Debug|Any CPU.Build.0 = Debug|Any CPU
		{7C1612E1-93A0-4730-8848-C85CCE97EAC5}.Release|Any CPU.ActiveCfg = Release|Any CPU
		{7C1612E1-93A0-4730-8848-C85CCE97EAC5}.Release|Any CPU.Build.0 = Release|Any CPU
		{B9858159-F767-48AA-AE8D-218A038C32C8}.Debug|Any CPU.ActiveCfg = Debug|Any CPU
		{B9858159-F767-48AA-AE8D-218A038C32C8}.Debug|Any CPU.Build.0 = Debug|Any CPU
		{B9858159-F767-48AA-AE8D-218A038C32C8}.Release|Any CPU.ActiveCfg = Release|Any CPU
		{B9858159-F767-48AA-AE8D-218A038C32C8}.Release|Any CPU.Build.0 = Release|Any CPU
		{0EDFC871-3F15-43B3-A2CF-AA66D4DCFB35}.Debug|Any CPU.ActiveCfg = Debug|Any CPU
		{0EDFC871-3F15-43B3-A2CF-AA66D4DCFB35}.Debug|Any CPU.Build.0 = Debug|Any CPU
		{0EDFC871-3F15-43B3-A2CF-AA66D4DCFB35}.Release|Any CPU.ActiveCfg = Release|Any CPU
		{0EDFC871-3F15-43B3-A2CF-AA66D4DCFB35}.Release|Any CPU.Build.0 = Release|Any CPU
	EndGlobalSection
	GlobalSection(SolutionProperties) = preSolution
		HideSolutionNode = FALSE
	EndGlobalSection
EndGlobal
